
Microsoft Visual Studio Solution File, Format Version 12.00
# Visual Studio Version 17
VisualStudioVersion = 17.3.32901.215
MinimumVisualStudioVersion = 10.0.40219.1
Project("{FAE04EC0-301F-11D3-BF4B-00C04F79EFBC}") = "ConsoleApp1", "ConsoleApp1\ConsoleApp1.csproj", "{00748CE0-9DDF-4EDE-9B5E-24D02ACF9BDF}"
EndProject
Global
	GlobalSection(SolutionConfigurationPlatforms) = preSolution
		Debug|Any CPU = Debug|Any CPU
		Release|Any CPU = Release|Any CPU
	EndGlobalSection
	GlobalSection(ProjectConfigurationPlatforms) = postSolution
		{00748CE0-9DDF-4EDE-9B5E-24D02ACF9BDF}.Debug|Any CPU.ActiveCfg = Debug|Any CPU
		{00748CE0-9DDF-4EDE-9B5E-24D02ACF9BDF}.Debug|Any CPU.Build.0 = Debug|Any CPU
		{00748CE0-9DDF-4EDE-9B5E-24D02ACF9BDF}.Release|Any CPU.ActiveCfg = Release|Any CPU
		{00748CE0-9DDF-4EDE-9B5E-24D02ACF9BDF}.Release|Any CPU.Build.0 = Release|Any CPU
	EndGlobalSection
	GlobalSection(SolutionProperties) = preSolution
		HideSolutionNode = FALSE
	EndGlobalSection
	GlobalSection(ExtensibilityGlobals) = postSolution
		SolutionGuid = {19641015-00AB-4973-80B0-E907887B2C4C}
	EndGlobalSection
EndGlobal
